
Microsoft Visual Studio Solution File, Format Version 12.00
# Visual Studio Version 16
VisualStudioVersion = 16.0.29102.190
MinimumVisualStudioVersion = 10.0.40219.1
Project("{FAE04EC0-301F-11D3-BF4B-00C04F79EFBC}") = "WebSklad2", "WebSklad2\WebSklad2.csproj", "{4EA9ADA4-3020-49C5-AC73-CDE86839E46F}"
EndProject
Global
	GlobalSection(SolutionConfigurationPlatforms) = preSolution
		Debug|Any CPU = Debug|Any CPU
		Release|Any CPU = Release|Any CPU
	EndGlobalSection
	GlobalSection(ProjectConfigurationPlatforms) = postSolution
		{4EA9ADA4-3020-49C5-AC73-CDE86839E46F}.Debug|Any CPU.ActiveCfg = Debug|Any CPU
		{4EA9ADA4-3020-49C5-AC73-CDE86839E46F}.Debug|Any CPU.Build.0 = Debug|Any CPU
		{4EA9ADA4-3020-49C5-AC73-CDE86839E46F}.Release|Any CPU.ActiveCfg = Release|Any CPU
		{4EA9ADA4-3020-49C5-AC73-CDE86839E46F}.Release|Any CPU.Build.0 = Release|Any CPU
	EndGlobalSection
	GlobalSection(SolutionProperties) = preSolution
		HideSolutionNode = FALSE
	EndGlobalSection
	GlobalSection(ExtensibilityGlobals) = postSolution
		SolutionGuid = {A3217AC8-E07C-41A3-8CDF-EA131822CE9A}
	EndGlobalSection
EndGlobal
